
Microsoft Visual Studio Solution File, Format Version 12.00
# Visual Studio Version 16
VisualStudioVersion = 16.0.29215.179
MinimumVisualStudioVersion = 10.0.40219.1
Project("{FAE04EC0-301F-11D3-BF4B-00C04F79EFBC}") = "WebBanXe", "WebBanXe\WebBanXe.csproj", "{16878B37-6B5E-4AA5-909C-18584F02594B}"
EndProject
Global
	GlobalSection(SolutionConfigurationPlatforms) = preSolution
		Debug|Any CPU = Debug|Any CPU
		Release|Any CPU = Release|Any CPU
	EndGlobalSection
	GlobalSection(ProjectConfigurationPlatforms) = postSolution
		{16878B37-6B5E-4AA5-909C-18584F02594B}.Debug|Any CPU.ActiveCfg = Debug|Any CPU
		{16878B37-6B5E-4AA5-909C-18584F02594B}.Debug|Any CPU.Build.0 = Debug|Any CPU
		{16878B37-6B5E-4AA5-909C-18584F02594B}.Release|Any CPU.ActiveCfg = Release|Any CPU
		{16878B37-6B5E-4AA5-909C-18584F02594B}.Release|Any CPU.Build.0 = Release|Any CPU
	EndGlobalSection
	GlobalSection(SolutionProperties) = preSolution
		HideSolutionNode = FALSE
	EndGlobalSection
	GlobalSection(ExtensibilityGlobals) = postSolution
		SolutionGuid = {56B96433-CC1B-44D6-93DE-9822D4D516A9}
	EndGlobalSection
EndGlobal
